
Microsoft Visual Studio Solution File, Format Version 12.00
# Visual Studio Version 17
VisualStudioVersion = 17.3.32819.101
MinimumVisualStudioVersion = 10.0.40219.1
Project("{9A19103F-16F7-4668-BE54-9A1E7A4F7556}") = "WheresMyBallTourney", "WebApplication1\WheresMyBallTourney.csproj", "{533CAB36-037F-407F-A855-96F07F59B196}"
EndProject
Global
	GlobalSection(SolutionConfigurationPlatforms) = preSolution
		Debug|Any CPU = Debug|Any CPU
		Release|Any CPU = Release|Any CPU
	EndGlobalSection
	GlobalSection(ProjectConfigurationPlatforms) = postSolution
		{533CAB36-037F-407F-A855-96F07F59B196}.Debug|Any CPU.ActiveCfg = Debug|Any CPU
		{533CAB36-037F-407F-A855-96F07F59B196}.Debug|Any CPU.Build.0 = Debug|Any CPU
		{533CAB36-037F-407F-A855-96F07F59B196}.Release|Any CPU.ActiveCfg = Release|Any CPU
		{533CAB36-037F-407F-A855-96F07F59B196}.Release|Any CPU.Build.0 = Release|Any CPU
	EndGlobalSection
	GlobalSection(SolutionProperties) = preSolution
		HideSolutionNode = FALSE
	EndGlobalSection
	GlobalSection(ExtensibilityGlobals) = postSolution
		SolutionGuid = {97948553-D7F2-4435-8D64-A9934D99E94C}
	EndGlobalSection
EndGlobal
